// !$*UTF8*$!
{
	archiveVersion = 1;
	classes = {
	};
	objectVersion = 56;
	objects = {

/* Begin PBXBuildFile section */
		7079967F2B3E0BF4007CF1F7 /* WordTerminApp.swift in Sources */ = {isa = PBXBuildFile; fileRef = 7079967E2B3E0BF4007CF1F7 /* WordTerminApp.swift */; };
		707996832B3E0BF5007CF1F7 /* Assets.xcassets in Resources */ = {isa = PBXBuildFile; fileRef = 707996822B3E0BF5007CF1F7 /* Assets.xcassets */; };
		707996862B3E0BF5007CF1F7 /* Preview Assets.xcassets in Resources */ = {isa = PBXBuildFile; fileRef = 707996852B3E0BF5007CF1F7 /* Preview Assets.xcassets */; };
		707996922B3E127D007CF1F7 /* ExamsSchedule.swift in Sources */ = {isa = PBXBuildFile; fileRef = 707996912B3E127D007CF1F7 /* ExamsSchedule.swift */; };
		707996982B3EF8CB007CF1F7 /* HomeView.swift in Sources */ = {isa = PBXBuildFile; fileRef = 707996972B3EF8CB007CF1F7 /* HomeView.swift */; };
		7079969B2B3EFB38007CF1F7 /* CircleButtonView.swift in Sources */ = {isa = PBXBuildFile; fileRef = 7079969A2B3EFB38007CF1F7 /* CircleButtonView.swift */; };
		7079969D2B3EFB6D007CF1F7 /* Color.swift in Sources */ = {isa = PBXBuildFile; fileRef = 7079969C2B3EFB6D007CF1F7 /* Color.swift */; };
		7079969F2B3EFCD7007CF1F7 /* CircleButtonAnimationView.swift in Sources */ = {isa = PBXBuildFile; fileRef = 7079969E2B3EFCD7007CF1F7 /* CircleButtonAnimationView.swift */; };
		707996A12B3F11BD007CF1F7 /* HomeViewModel.swift in Sources */ = {isa = PBXBuildFile; fileRef = 707996A02B3F11BC007CF1F7 /* HomeViewModel.swift */; };
		707996A52B3F1304007CF1F7 /* SettingsView.swift in Sources */ = {isa = PBXBuildFile; fileRef = 707996A42B3F1304007CF1F7 /* SettingsView.swift */; };
		707996A72B3F13B3007CF1F7 /* XMarkButton.swift in Sources */ = {isa = PBXBuildFile; fileRef = 707996A62B3F13B3007CF1F7 /* XMarkButton.swift */; };
		707996AC2B3F173E007CF1F7 /* ReservationView.swift in Sources */ = {isa = PBXBuildFile; fileRef = 707996AB2B3F173E007CF1F7 /* ReservationView.swift */; };
		707996B82B41BAC9007CF1F7 /* Reservation.swift in Sources */ = {isa = PBXBuildFile; fileRef = 707996B72B41BAC9007CF1F7 /* Reservation.swift */; };
		709C9B532B445367004DCB78 /* ReservationViewModel.swift in Sources */ = {isa = PBXBuildFile; fileRef = 709C9B522B445367004DCB78 /* ReservationViewModel.swift */; };
		70D0A7642B445B9800CD88FF /* DropDownView.swift in Sources */ = {isa = PBXBuildFile; fileRef = 70D0A7632B445B9800CD88FF /* DropDownView.swift */; };
		70D0A7662B44642700CD88FF /* DropDownSearchablePicker.swift in Sources */ = {isa = PBXBuildFile; fileRef = 70D0A7652B44642700CD88FF /* DropDownSearchablePicker.swift */; };
		70D0A7682B44951E00CD88FF /* View.swift in Sources */ = {isa = PBXBuildFile; fileRef = 70D0A7672B44951E00CD88FF /* View.swift */; };
		70F5C0722B4354DA00CB204F /* Date.swift in Sources */ = {isa = PBXBuildFile; fileRef = 70F5C0712B4354DA00CB204F /* Date.swift */; };
/* End PBXBuildFile section */

/* Begin PBXFileReference section */
		7079967B2B3E0BF4007CF1F7 /* WordTermin.app */ = {isa = PBXFileReference; explicitFileType = wrapper.application; includeInIndex = 0; path = WordTermin.app; sourceTree = BUILT_PRODUCTS_DIR; };
		7079967E2B3E0BF4007CF1F7 /* WordTerminApp.swift */ = {isa = PBXFileReference; lastKnownFileType = sourcecode.swift; path = WordTerminApp.swift; sourceTree = "<group>"; };
		707996822B3E0BF5007CF1F7 /* Assets.xcassets */ = {isa = PBXFileReference; lastKnownFileType = folder.assetcatalog; path = Assets.xcassets; sourceTree = "<group>"; };
		707996852B3E0BF5007CF1F7 /* Preview Assets.xcassets */ = {isa = PBXFileReference; lastKnownFileType = folder.assetcatalog; path = "Preview Assets.xcassets"; sourceTree = "<group>"; };
		707996912B3E127D007CF1F7 /* ExamsSchedule.swift */ = {isa = PBXFileReference; lastKnownFileType = sourcecode.swift; path = ExamsSchedule.swift; sourceTree = "<group>"; };
		707996972B3EF8CB007CF1F7 /* HomeView.swift */ = {isa = PBXFileReference; lastKnownFileType = sourcecode.swift; path = HomeView.swift; sourceTree = "<group>"; };
		7079969A2B3EFB38007CF1F7 /* CircleButtonView.swift */ = {isa = PBXFileReference; lastKnownFileType = sourcecode.swift; path = CircleButtonView.swift; sourceTree = "<group>"; };
		7079969C2B3EFB6D007CF1F7 /* Color.swift */ = {isa = PBXFileReference; lastKnownFileType = sourcecode.swift; path = Color.swift; sourceTree = "<group>"; };
		7079969E2B3EFCD7007CF1F7 /* CircleButtonAnimationView.swift */ = {isa = PBXFileReference; lastKnownFileType = sourcecode.swift; path = CircleButtonAnimationView.swift; sourceTree = "<group>"; };
		707996A02B3F11BC007CF1F7 /* HomeViewModel.swift */ = {isa = PBXFileReference; lastKnownFileType = sourcecode.swift; path = HomeViewModel.swift; sourceTree = "<group>"; };
		707996A42B3F1304007CF1F7 /* SettingsView.swift */ = {isa = PBXFileReference; lastKnownFileType = sourcecode.swift; path = SettingsView.swift; sourceTree = "<group>"; };
		707996A62B3F13B3007CF1F7 /* XMarkButton.swift */ = {isa = PBXFileReference; lastKnownFileType = sourcecode.swift; path = XMarkButton.swift; sourceTree = "<group>"; };
		707996AB2B3F173E007CF1F7 /* ReservationView.swift */ = {isa = PBXFileReference; lastKnownFileType = sourcecode.swift; path = ReservationView.swift; sourceTree = "<group>"; };
		707996B72B41BAC9007CF1F7 /* Reservation.swift */ = {isa = PBXFileReference; lastKnownFileType = sourcecode.swift; path = Reservation.swift; sourceTree = "<group>"; };
		709C9B522B445367004DCB78 /* ReservationViewModel.swift */ = {isa = PBXFileReference; lastKnownFileType = sourcecode.swift; path = ReservationViewModel.swift; sourceTree = "<group>"; };
		70D0A7632B445B9800CD88FF /* DropDownView.swift */ = {isa = PBXFileReference; lastKnownFileType = sourcecode.swift; path = DropDownView.swift; sourceTree = "<group>"; };
		70D0A7652B44642700CD88FF /* DropDownSearchablePicker.swift */ = {isa = PBXFileReference; lastKnownFileType = sourcecode.swift; path = DropDownSearchablePicker.swift; sourceTree = "<group>"; };
		70D0A7672B44951E00CD88FF /* View.swift */ = {isa = PBXFileReference; lastKnownFileType = sourcecode.swift; path = View.swift; sourceTree = "<group>"; };
		70F5C0712B4354DA00CB204F /* Date.swift */ = {isa = PBXFileReference; lastKnownFileType = sourcecode.swift; path = Date.swift; sourceTree = "<group>"; };
/* End PBXFileReference section */

/* Begin PBXFrameworksBuildPhase section */
		707996782B3E0BF4007CF1F7 /* Frameworks */ = {
			isa = PBXFrameworksBuildPhase;
			buildActionMask = 2147483647;
			files = (
			);
			runOnlyForDeploymentPostprocessing = 0;
		};
/* End PBXFrameworksBuildPhase section */

/* Begin PBXGroup section */
		707996722B3E0BF4007CF1F7 = {
			isa = PBXGroup;
			children = (
				7079967E2B3E0BF4007CF1F7 /* WordTerminApp.swift */,
				7079967D2B3E0BF4007CF1F7 /* WordTermin */,
				7079967C2B3E0BF4007CF1F7 /* Products */,
			);
			sourceTree = "<group>";
		};
		7079967C2B3E0BF4007CF1F7 /* Products */ = {
			isa = PBXGroup;
			children = (
				7079967B2B3E0BF4007CF1F7 /* WordTermin.app */,
			);
			name = Products;
			sourceTree = "<group>";
		};
		7079967D2B3E0BF4007CF1F7 /* WordTermin */ = {
			isa = PBXGroup;
			children = (
				7079968C2B3E0C7A007CF1F7 /* Core */,
				7079968F2B3E0CA8007CF1F7 /* Extensions */,
				7079968E2B3E0C8C007CF1F7 /* Models */,
				7079968D2B3E0C83007CF1F7 /* Services */,
				707996902B3E0CB1007CF1F7 /* Utilities */,
				707996842B3E0BF5007CF1F7 /* Preview Content */,
				707996822B3E0BF5007CF1F7 /* Assets.xcassets */,
			);
			path = WordTermin;
			sourceTree = "<group>";
		};
		707996842B3E0BF5007CF1F7 /* Preview Content */ = {
			isa = PBXGroup;
			children = (
				707996852B3E0BF5007CF1F7 /* Preview Assets.xcassets */,
			);
			path = "Preview Content";
			sourceTree = "<group>";
		};
		7079968C2B3E0C7A007CF1F7 /* Core */ = {
			isa = PBXGroup;
			children = (
				707996932B3EF7B3007CF1F7 /* Components */,
				707996942B3EF7BB007CF1F7 /* Home */,
				707996B92B434831007CF1F7 /* Reservation */,
				707996A22B3F12DE007CF1F7 /* Settings */,
			);
			path = Core;
			sourceTree = "<group>";
		};
		7079968D2B3E0C83007CF1F7 /* Services */ = {
			isa = PBXGroup;
			children = (
			);
			path = Services;
			sourceTree = "<group>";
		};
		7079968E2B3E0C8C007CF1F7 /* Models */ = {
			isa = PBXGroup;
			children = (
				707996912B3E127D007CF1F7 /* ExamsSchedule.swift */,
				707996B72B41BAC9007CF1F7 /* Reservation.swift */,
			);
			path = Models;
			sourceTree = "<group>";
		};
		7079968F2B3E0CA8007CF1F7 /* Extensions */ = {
			isa = PBXGroup;
			children = (
				7079969C2B3EFB6D007CF1F7 /* Color.swift */,
				70F5C0712B4354DA00CB204F /* Date.swift */,
				70D0A7672B44951E00CD88FF /* View.swift */,
			);
			path = Extensions;
			sourceTree = "<group>";
		};
		707996902B3E0CB1007CF1F7 /* Utilities */ = {
			isa = PBXGroup;
			children = (
			);
			path = Utilities;
			sourceTree = "<group>";
		};
		707996932B3EF7B3007CF1F7 /* Components */ = {
			isa = PBXGroup;
			children = (
				707996992B3EFB28007CF1F7 /* CircleButton */,
				707996A62B3F13B3007CF1F7 /* XMarkButton.swift */,
				70D0A7632B445B9800CD88FF /* DropDownView.swift */,
				70D0A7652B44642700CD88FF /* DropDownSearchablePicker.swift */,
			);
			path = Components;
			sourceTree = "<group>";
		};
		707996942B3EF7BB007CF1F7 /* Home */ = {
			isa = PBXGroup;
			children = (
				707996952B3EF7E9007CF1F7 /* ViewModels */,
				707996962B3EF7EF007CF1F7 /* Views */,
			);
			path = Home;
			sourceTree = "<group>";
		};
		707996952B3EF7E9007CF1F7 /* ViewModels */ = {
			isa = PBXGroup;
			children = (
				707996A02B3F11BC007CF1F7 /* HomeViewModel.swift */,
			);
			path = ViewModels;
			sourceTree = "<group>";
		};
		707996962B3EF7EF007CF1F7 /* Views */ = {
			isa = PBXGroup;
			children = (
				707996972B3EF8CB007CF1F7 /* HomeView.swift */,
			);
			path = Views;
			sourceTree = "<group>";
		};
		707996992B3EFB28007CF1F7 /* CircleButton */ = {
			isa = PBXGroup;
			children = (
				7079969A2B3EFB38007CF1F7 /* CircleButtonView.swift */,
				7079969E2B3EFCD7007CF1F7 /* CircleButtonAnimationView.swift */,
			);
			path = CircleButton;
			sourceTree = "<group>";
		};
		707996A22B3F12DE007CF1F7 /* Settings */ = {
			isa = PBXGroup;
			children = (
				707996A32B3F12F5007CF1F7 /* Views */,
			);
			path = Settings;
			sourceTree = "<group>";
		};
		707996A32B3F12F5007CF1F7 /* Views */ = {
			isa = PBXGroup;
			children = (
				707996A42B3F1304007CF1F7 /* SettingsView.swift */,
			);
			path = Views;
			sourceTree = "<group>";
		};
		707996B92B434831007CF1F7 /* Reservation */ = {
			isa = PBXGroup;
			children = (
				707996BB2B434849007CF1F7 /* ViewModels */,
				707996BA2B434844007CF1F7 /* Views */,
			);
			path = Reservation;
			sourceTree = "<group>";
		};
		707996BA2B434844007CF1F7 /* Views */ = {
			isa = PBXGroup;
			children = (
				707996AB2B3F173E007CF1F7 /* ReservationView.swift */,
			);
			path = Views;
			sourceTree = "<group>";
		};
		707996BB2B434849007CF1F7 /* ViewModels */ = {
			isa = PBXGroup;
			children = (
				709C9B522B445367004DCB78 /* ReservationViewModel.swift */,
			);
			path = ViewModels;
			sourceTree = "<group>";
		};
/* End PBXGroup section */

/* Begin PBXNativeTarget section */
		7079967A2B3E0BF4007CF1F7 /* WordTermin */ = {
			isa = PBXNativeTarget;
			buildConfigurationList = 707996892B3E0BF5007CF1F7 /* Build configuration list for PBXNativeTarget "WordTermin" */;
			buildPhases = (
				707996772B3E0BF4007CF1F7 /* Sources */,
				707996782B3E0BF4007CF1F7 /* Frameworks */,
				707996792B3E0BF4007CF1F7 /* Resources */,
			);
			buildRules = (
			);
			dependencies = (
			);
			name = WordTermin;
			productName = WordTermin;
			productReference = 7079967B2B3E0BF4007CF1F7 /* WordTermin.app */;
			productType = "com.apple.product-type.application";
		};
/* End PBXNativeTarget section */

/* Begin PBXProject section */
		707996732B3E0BF4007CF1F7 /* Project object */ = {
			isa = PBXProject;
			attributes = {
				BuildIndependentTargetsInParallel = 1;
				LastSwiftUpdateCheck = 1510;
				LastUpgradeCheck = 1510;
				TargetAttributes = {
					7079967A2B3E0BF4007CF1F7 = {
						CreatedOnToolsVersion = 15.1;
					};
				};
			};
			buildConfigurationList = 707996762B3E0BF4007CF1F7 /* Build configuration list for PBXProject "WordTermin" */;
			compatibilityVersion = "Xcode 14.0";
			developmentRegion = en;
			hasScannedForEncodings = 0;
			knownRegions = (
				en,
				Base,
			);
			mainGroup = 707996722B3E0BF4007CF1F7;
			productRefGroup = 7079967C2B3E0BF4007CF1F7 /* Products */;
			projectDirPath = "";
			projectRoot = "";
			targets = (
				7079967A2B3E0BF4007CF1F7 /* WordTermin */,
			);
		};
/* End PBXProject section */

/* Begin PBXResourcesBuildPhase section */
		707996792B3E0BF4007CF1F7 /* Resources */ = {
			isa = PBXResourcesBuildPhase;
			buildActionMask = 2147483647;
			files = (
				707996862B3E0BF5007CF1F7 /* Preview Assets.xcassets in Resources */,
				707996832B3E0BF5007CF1F7 /* Assets.xcassets in Resources */,
			);
			runOnlyForDeploymentPostprocessing = 0;
		};
/* End PBXResourcesBuildPhase section */

/* Begin PBXSourcesBuildPhase section */
		707996772B3E0BF4007CF1F7 /* Sources */ = {
			isa = PBXSourcesBuildPhase;
			buildActionMask = 2147483647;
			files = (
				70D0A7682B44951E00CD88FF /* View.swift in Sources */,
				709C9B532B445367004DCB78 /* ReservationViewModel.swift in Sources */,
				707996982B3EF8CB007CF1F7 /* HomeView.swift in Sources */,
				70D0A7662B44642700CD88FF /* DropDownSearchablePicker.swift in Sources */,
				707996A52B3F1304007CF1F7 /* SettingsView.swift in Sources */,
				70D0A7642B445B9800CD88FF /* DropDownView.swift in Sources */,
				707996922B3E127D007CF1F7 /* ExamsSchedule.swift in Sources */,
				707996B82B41BAC9007CF1F7 /* Reservation.swift in Sources */,
				707996A12B3F11BD007CF1F7 /* HomeViewModel.swift in Sources */,
				7079969B2B3EFB38007CF1F7 /* CircleButtonView.swift in Sources */,
				707996A72B3F13B3007CF1F7 /* XMarkButton.swift in Sources */,
				70F5C0722B4354DA00CB204F /* Date.swift in Sources */,
				7079969D2B3EFB6D007CF1F7 /* Color.swift in Sources */,
				707996AC2B3F173E007CF1F7 /* ReservationView.swift in Sources */,
				7079967F2B3E0BF4007CF1F7 /* WordTerminApp.swift in Sources */,
				7079969F2B3EFCD7007CF1F7 /* CircleButtonAnimationView.swift in Sources */,
			);
			runOnlyForDeploymentPostprocessing = 0;
		};
/* End PBXSourcesBuildPhase section */

/* Begin XCBuildConfiguration section */
		707996872B3E0BF5007CF1F7 /* Debug */ = {
			isa = XCBuildConfiguration;
			buildSettings = {
				ALWAYS_SEARCH_USER_PATHS = NO;
				ASSETCATALOG_COMPILER_GENERATE_SWIFT_ASSET_SYMBOL_EXTENSIONS = YES;
				CLANG_ANALYZER_NONNULL = YES;
				CLANG_ANALYZER_NUMBER_OBJECT_CONVERSION = YES_AGGRESSIVE;
				CLANG_CXX_LANGUAGE_STANDARD = "gnu++20";
				CLANG_ENABLE_MODULES = YES;
				CLANG_ENABLE_OBJC_ARC = YES;
				CLANG_ENABLE_OBJC_WEAK = YES;
				CLANG_WARN_BLOCK_CAPTURE_AUTORELEASING = YES;
				CLANG_WARN_BOOL_CONVERSION = YES;
				CLANG_WARN_COMMA = YES;
				CLANG_WARN_CONSTANT_CONVERSION = YES;
				CLANG_WARN_DEPRECATED_OBJC_IMPLEMENTATIONS = YES;
				CLANG_WARN_DIRECT_OBJC_ISA_USAGE = YES_ERROR;
				CLANG_WARN_DOCUMENTATION_COMMENTS = YES;
				CLANG_WARN_EMPTY_BODY = YES;
				CLANG_WARN_ENUM_CONVERSION = YES;
				CLANG_WARN_INFINITE_RECURSION = YES;
				CLANG_WARN_INT_CONVERSION = YES;
				CLANG_WARN_NON_LITERAL_NULL_CONVERSION = YES;
				CLANG_WARN_OBJC_IMPLICIT_RETAIN_SELF = YES;
				CLANG_WARN_OBJC_LITERAL_CONVERSION = YES;
				CLANG_WARN_OBJC_ROOT_CLASS = YES_ERROR;
				CLANG_WARN_QUOTED_INCLUDE_IN_FRAMEWORK_HEADER = YES;
				CLANG_WARN_RANGE_LOOP_ANALYSIS = YES;
				CLANG_WARN_STRICT_PROTOTYPES = YES;
				CLANG_WARN_SUSPICIOUS_MOVE = YES;
				CLANG_WARN_UNGUARDED_AVAILABILITY = YES_AGGRESSIVE;
				CLANG_WARN_UNREACHABLE_CODE = YES;
				CLANG_WARN__DUPLICATE_METHOD_MATCH = YES;
				COPY_PHASE_STRIP = NO;
				DEBUG_INFORMATION_FORMAT = dwarf;
				ENABLE_STRICT_OBJC_MSGSEND = YES;
				ENABLE_TESTABILITY = YES;
				ENABLE_USER_SCRIPT_SANDBOXING = YES;
				GCC_C_LANGUAGE_STANDARD = gnu17;
				GCC_DYNAMIC_NO_PIC = NO;
				GCC_NO_COMMON_BLOCKS = YES;
				GCC_OPTIMIZATION_LEVEL = 0;
				GCC_PREPROCESSOR_DEFINITIONS = (
					"DEBUG=1",
					"$(inherited)",
				);
				GCC_WARN_64_TO_32_BIT_CONVERSION = YES;
				GCC_WARN_ABOUT_RETURN_TYPE = YES_ERROR;
				GCC_WARN_UNDECLARED_SELECTOR = YES;
				GCC_WARN_UNINITIALIZED_AUTOS = YES_AGGRESSIVE;
				GCC_WARN_UNUSED_FUNCTION = YES;
				GCC_WARN_UNUSED_VARIABLE = YES;
				IPHONEOS_DEPLOYMENT_TARGET = 17.2;
				LOCALIZATION_PREFERS_STRING_CATALOGS = YES;
				MTL_ENABLE_DEBUG_INFO = INCLUDE_SOURCE;
				MTL_FAST_MATH = YES;
				ONLY_ACTIVE_ARCH = YES;
				SDKROOT = iphoneos;
				SWIFT_ACTIVE_COMPILATION_CONDITIONS = "DEBUG $(inherited)";
				SWIFT_OPTIMIZATION_LEVEL = "-Onone";
			};
			name = Debug;
		};
		707996882B3E0BF5007CF1F7 /* Release */ = {
			isa = XCBuildConfiguration;
			buildSettings = {
				ALWAYS_SEARCH_USER_PATHS = NO;
				ASSETCATALOG_COMPILER_GENERATE_SWIFT_ASSET_SYMBOL_EXTENSIONS = YES;
				CLANG_ANALYZER_NONNULL = YES;
				CLANG_ANALYZER_NUMBER_OBJECT_CONVERSION = YES_AGGRESSIVE;
				CLANG_CXX_LANGUAGE_STANDARD = "gnu++20";
				CLANG_ENABLE_MODULES = YES;
				CLANG_ENABLE_OBJC_ARC = YES;
				CLANG_ENABLE_OBJC_WEAK = YES;
				CLANG_WARN_BLOCK_CAPTURE_AUTORELEASING = YES;
				CLANG_WARN_BOOL_CONVERSION = YES;
				CLANG_WARN_COMMA = YES;
				CLANG_WARN_CONSTANT_CONVERSION = YES;
				CLANG_WARN_DEPRECATED_OBJC_IMPLEMENTATIONS = YES;
				CLANG_WARN_DIRECT_OBJC_ISA_USAGE = YES_ERROR;
				CLANG_WARN_DOCUMENTATION_COMMENTS = YES;
				CLANG_WARN_EMPTY_BODY = YES;
				CLANG_WARN_ENUM_CONVERSION = YES;
				CLANG_WARN_INFINITE_RECURSION = YES;
				CLANG_WARN_INT_CONVERSION = YES;
				CLANG_WARN_NON_LITERAL_NULL_CONVERSION = YES;
				CLANG_WARN_OBJC_IMPLICIT_RETAIN_SELF = YES;
				CLANG_WARN_OBJC_LITERAL_CONVERSION = YES;
				CLANG_WARN_OBJC_ROOT_CLASS = YES_ERROR;
				CLANG_WARN_QUOTED_INCLUDE_IN_FRAMEWORK_HEADER = YES;
				CLANG_WARN_RANGE_LOOP_ANALYSIS = YES;
				CLANG_WARN_STRICT_PROTOTYPES = YES;
				CLANG_WARN_SUSPICIOUS_MOVE = YES;
				CLANG_WARN_UNGUARDED_AVAILABILITY = YES_AGGRESSIVE;
				CLANG_WARN_UNREACHABLE_CODE = YES;
				CLANG_WARN__DUPLICATE_METHOD_MATCH = YES;
				COPY_PHASE_STRIP = NO;
				DEBUG_INFORMATION_FORMAT = "dwarf-with-dsym";
				ENABLE_NS_ASSERTIONS = NO;
				ENABLE_STRICT_OBJC_MSGSEND = YES;
				ENABLE_USER_SCRIPT_SANDBOXING = YES;
				GCC_C_LANGUAGE_STANDARD = gnu17;
				GCC_NO_COMMON_BLOCKS = YES;
				GCC_WARN_64_TO_32_BIT_CONVERSION = YES;
				GCC_WARN_ABOUT_RETURN_TYPE = YES_ERROR;
				GCC_WARN_UNDECLARED_SELECTOR = YES;
				GCC_WARN_UNINITIALIZED_AUTOS = YES_AGGRESSIVE;
				GCC_WARN_UNUSED_FUNCTION = YES;
				GCC_WARN_UNUSED_VARIABLE = YES;
				IPHONEOS_DEPLOYMENT_TARGET = 17.2;
				LOCALIZATION_PREFERS_STRING_CATALOGS = YES;
				MTL_ENABLE_DEBUG_INFO = NO;
				MTL_FAST_MATH = YES;
				SDKROOT = iphoneos;
				SWIFT_COMPILATION_MODE = wholemodule;
				VALIDATE_PRODUCT = YES;
			};
			name = Release;
		};
		7079968A2B3E0BF5007CF1F7 /* Debug */ = {
			isa = XCBuildConfiguration;
			buildSettings = {
				ASSETCATALOG_COMPILER_APPICON_NAME = AppIcon;
				ASSETCATALOG_COMPILER_GLOBAL_ACCENT_COLOR_NAME = AccentColor;
				CODE_SIGN_STYLE = Automatic;
				CURRENT_PROJECT_VERSION = 1;
				DEVELOPMENT_ASSET_PATHS = "\"WordTermin/Preview Content\"";
				DEVELOPMENT_TEAM = 66SJ25L8ZF;
				ENABLE_PREVIEWS = YES;
				GENERATE_INFOPLIST_FILE = YES;
				INFOPLIST_KEY_UIApplicationSceneManifest_Generation = YES;
				INFOPLIST_KEY_UIApplicationSupportsIndirectInputEvents = YES;
				INFOPLIST_KEY_UILaunchScreen_Generation = YES;
				INFOPLIST_KEY_UISupportedInterfaceOrientations_iPad = "UIInterfaceOrientationPortrait UIInterfaceOrientationPortraitUpsideDown UIInterfaceOrientationLandscapeLeft UIInterfaceOrientationLandscapeRight";
				INFOPLIST_KEY_UISupportedInterfaceOrientations_iPhone = "UIInterfaceOrientationPortrait UIInterfaceOrientationLandscapeLeft UIInterfaceOrientationLandscapeRight";
				LD_RUNPATH_SEARCH_PATHS = (
					"$(inherited)",
					"@executable_path/Frameworks",
				);
				MARKETING_VERSION = 1.0;
				PRODUCT_BUNDLE_IDENTIFIER = com.jakubtomiczek.WordTermin;
				PRODUCT_NAME = "$(TARGET_NAME)";
				SWIFT_EMIT_LOC_STRINGS = YES;
				SWIFT_VERSION = 5.0;
				TARGETED_DEVICE_FAMILY = "1,2";
			};
			name = Debug;
		};
		7079968B2B3E0BF5007CF1F7 /* Release */ = {
			isa = XCBuildConfiguration;
			buildSettings = {
				ASSETCATALOG_COMPILER_APPICON_NAME = AppIcon;
				ASSETCATALOG_COMPILER_GLOBAL_ACCENT_COLOR_NAME = AccentColor;
				CODE_SIGN_STYLE = Automatic;
				CURRENT_PROJECT_VERSION = 1;
				DEVELOPMENT_ASSET_PATHS = "\"WordTermin/Preview Content\"";
				DEVELOPMENT_TEAM = 66SJ25L8ZF;
				ENABLE_PREVIEWS = YES;
				GENERATE_INFOPLIST_FILE = YES;
				INFOPLIST_KEY_UIApplicationSceneManifest_Generation = YES;
				INFOPLIST_KEY_UIApplicationSupportsIndirectInputEvents = YES;
				INFOPLIST_KEY_UILaunchScreen_Generation = YES;
				INFOPLIST_KEY_UISupportedInterfaceOrientations_iPad = "UIInterfaceOrientationPortrait UIInterfaceOrientationPortraitUpsideDown UIInterfaceOrientationLandscapeLeft UIInterfaceOrientationLandscapeRight";
				INFOPLIST_KEY_UISupportedInterfaceOrientations_iPhone = "UIInterfaceOrientationPortrait UIInterfaceOrientationLandscapeLeft UIInterfaceOrientationLandscapeRight";
				LD_RUNPATH_SEARCH_PATHS = (
					"$(inherited)",
					"@executable_path/Frameworks",
				);
				MARKETING_VERSION = 1.0;
				PRODUCT_BUNDLE_IDENTIFIER = com.jakubtomiczek.WordTermin;
				PRODUCT_NAME = "$(TARGET_NAME)";
				SWIFT_EMIT_LOC_STRINGS = YES;
				SWIFT_VERSION = 5.0;
				TARGETED_DEVICE_FAMILY = "1,2";
			};
			name = Release;
		};
/* End XCBuildConfiguration section */

/* Begin XCConfigurationList section */
		707996762B3E0BF4007CF1F7 /* Build configuration list for PBXProject "WordTermin" */ = {
			isa = XCConfigurationList;
			buildConfigurations = (
				707996872B3E0BF5007CF1F7 /* Debug */,
				707996882B3E0BF5007CF1F7 /* Release */,
			);
			defaultConfigurationIsVisible = 0;
			defaultConfigurationName = Release;
		};
		707996892B3E0BF5007CF1F7 /* Build configuration list for PBXNativeTarget "WordTermin" */ = {
			isa = XCConfigurationList;
			buildConfigurations = (
				7079968A2B3E0BF5007CF1F7 /* Debug */,
				7079968B2B3E0BF5007CF1F7 /* Release */,
			);
			defaultConfigurationIsVisible = 0;
			defaultConfigurationName = Release;
		};
/* End XCConfigurationList section */
	};
	rootObject = 707996732B3E0BF4007CF1F7 /* Project object */;
}
